
Microsoft Visual Studio Solution File, Format Version 12.00
# Visual Studio 15
VisualStudioVersion = 15.0.27004.2005
MinimumVisualStudioVersion = 10.0.40219.1
Project("{FAE04EC0-301F-11D3-BF4B-00C04F79EFBC}") = "JaggedArray.Logic", "JaggedArray.Logic\JaggedArray.Logic.csproj", "{89512E5A-BE15-42DE-8B3F-396923436EC8}"
EndProject
Project("{FAE04EC0-301F-11D3-BF4B-00C04F79EFBC}") = "JaggedArray.Tests", "JaggedArray.Tests\JaggedArray.Tests.csproj", "{283281D5-8239-402E-B31A-7870C89D497D}"
EndProject
Project("{FAE04EC0-301F-11D3-BF4B-00C04F79EFBC}") = "Polynomial.Logic", "Polynomial.Logic\Polynomial.Logic.csproj", "{7B3243B0-8DDD-41F7-BEE8-0CB85B59B6FD}"
EndProject
Project("{FAE04EC0-301F-11D3-BF4B-00C04F79EFBC}") = "Polynomial.Tests", "Polynomial.Tests\Polynomial.Tests.csproj", "{D1A91E3E-6BE9-41AF-9003-7D938219DA96}"
EndProject
Global
	GlobalSection(SolutionConfigurationPlatforms) = preSolution
		Debug|Any CPU = Debug|Any CPU
		Release|Any CPU = Release|Any CPU
	EndGlobalSection
	GlobalSection(ProjectConfigurationPlatforms) = postSolution
		{89512E5A-BE15-42DE-8B3F-396923436EC8}.Debug|Any CPU.ActiveCfg = Debug|Any CPU
		{89512E5A-BE15-42DE-8B3F-396923436EC8}.Debug|Any CPU.Build.0 = Debug|Any CPU
		{89512E5A-BE15-42DE-8B3F-396923436EC8}.Release|Any CPU.ActiveCfg = Release|Any CPU
		{89512E5A-BE15-42DE-8B3F-396923436EC8}.Release|Any CPU.Build.0 = Release|Any CPU
		{283281D5-8239-402E-B31A-7870C89D497D}.Debug|Any CPU.ActiveCfg = Debug|Any CPU
		{283281D5-8239-402E-B31A-7870C89D497D}.Debug|Any CPU.Build.0 = Debug|Any CPU
		{283281D5-8239-402E-B31A-7870C89D497D}.Release|Any CPU.ActiveCfg = Release|Any CPU
		{283281D5-8239-402E-B31A-7870C89D497D}.Release|Any CPU.Build.0 = Release|Any CPU
		{7B3243B0-8DDD-41F7-BEE8-0CB85B59B6FD}.Debug|Any CPU.ActiveCfg = Debug|Any CPU
		{7B3243B0-8DDD-41F7-BEE8-0CB85B59B6FD}.Debug|Any CPU.Build.0 = Debug|Any CPU
		{7B3243B0-8DDD-41F7-BEE8-0CB85B59B6FD}.Release|Any CPU.ActiveCfg = Release|Any CPU
		{7B3243B0-8DDD-41F7-BEE8-0CB85B59B6FD}.Release|Any CPU.Build.0 = Release|Any CPU
		{D1A91E3E-6BE9-41AF-9003-7D938219DA96}.Debug|Any CPU.ActiveCfg = Debug|Any CPU
		{D1A91E3E-6BE9-41AF-9003-7D938219DA96}.Debug|Any CPU.Build.0 = Debug|Any CPU
		{D1A91E3E-6BE9-41AF-9003-7D938219DA96}.Release|Any CPU.ActiveCfg = Release|Any CPU
		{D1A91E3E-6BE9-41AF-9003-7D938219DA96}.Release|Any CPU.Build.0 = Release|Any CPU
	EndGlobalSection
	GlobalSection(SolutionProperties) = preSolution
		HideSolutionNode = FALSE
	EndGlobalSection
	GlobalSection(ExtensibilityGlobals) = postSolution
		SolutionGuid = {7A0E1CDA-23CD-4EC1-8428-DA550406926C}
	EndGlobalSection
EndGlobal
